
Microsoft Visual Studio Solution File, Format Version 12.00
# Visual Studio Version 17
VisualStudioVersion = 17.0.31903.59
MinimumVisualStudioVersion = 10.0.40219.1
Project("{2150E333-8FDC-42A3-9474-1A3956D46DE8}") = "src", "src", "{827E0CD3-B72D-47B6-A68D-7590B98EB39B}"
EndProject
Project("{FAE04EC0-301F-11D3-BF4B-00C04F79EFBC}") = "Acme.Retail.Domain", "src\Acme.Retail.Domain\Acme.Retail.Domain.csproj", "{3D7A40A7-F80C-4DEE-84E1-E3E31F9C9385}"
EndProject
Project("{FAE04EC0-301F-11D3-BF4B-00C04F79EFBC}") = "Acme.Retail.Contracts", "src\Acme.Retail.Contracts\Acme.Retail.Contracts.csproj", "{CD9727C2-41D9-4073-8DBE-DB1EAD91F382}"
EndProject
Project("{FAE04EC0-301F-11D3-BF4B-00C04F79EFBC}") = "Acme.Retail.Infrastructure", "src\Acme.Retail.Infrastructure\Acme.Retail.Infrastructure.csproj", "{CEA1C13E-F0B2-4ED7-BF5C-BEAAFDC40B39}"
EndProject
Project("{FAE04EC0-301F-11D3-BF4B-00C04F79EFBC}") = "Acme.Retail.Api", "src\Acme.Retail.Api\Acme.Retail.Api.csproj", "{8FFE6AF4-5938-42A6-A3D7-214B43F55FA1}"
EndProject
Project("{2150E333-8FDC-42A3-9474-1A3956D46DE8}") = "tests", "tests", "{0AB3BF05-4346-4AA6-1389-037BE0695223}"
EndProject
Project("{FAE04EC0-301F-11D3-BF4B-00C04F79EFBC}") = "Acme.Retail.UnitTests", "tests\Acme.Retail.UnitTests\Acme.Retail.UnitTests.csproj", "{E5D816E0-ED2C-41A9-AF56-448F808D415B}"
EndProject
Project("{FAE04EC0-301F-11D3-BF4B-00C04F79EFBC}") = "Acme.Retail.IntegrationTests", "tests\Acme.Retail.IntegrationTests\Acme.Retail.IntegrationTests.csproj", "{46336633-866D-4DEC-A358-F9B1FC28153F}"
EndProject
Global
	GlobalSection(SolutionConfigurationPlatforms) = preSolution
		Debug|Any CPU = Debug|Any CPU
		Debug|x64 = Debug|x64
		Debug|x86 = Debug|x86
		Release|Any CPU = Release|Any CPU
		Release|x64 = Release|x64
		Release|x86 = Release|x86
	EndGlobalSection
	GlobalSection(ProjectConfigurationPlatforms) = postSolution
		{3D7A40A7-F80C-4DEE-84E1-E3E31F9C9385}.Debug|Any CPU.ActiveCfg = Debug|Any CPU
		{3D7A40A7-F80C-4DEE-84E1-E3E31F9C9385}.Debug|Any CPU.Build.0 = Debug|Any CPU
		{3D7A40A7-F80C-4DEE-84E1-E3E31F9C9385}.Debug|x64.ActiveCfg = Debug|Any CPU
		{3D7A40A7-F80C-4DEE-84E1-E3E31F9C9385}.Debug|x64.Build.0 = Debug|Any CPU
		{3D7A40A7-F80C-4DEE-84E1-E3E31F9C9385}.Debug|x86.ActiveCfg = Debug|Any CPU
		{3D7A40A7-F80C-4DEE-84E1-E3E31F9C9385}.Debug|x86.Build.0 = Debug|Any CPU
		{3D7A40A7-F80C-4DEE-84E1-E3E31F9C9385}.Release|Any CPU.ActiveCfg = Release|Any CPU
		{3D7A40A7-F80C-4DEE-84E1-E3E31F9C9385}.Release|Any CPU.Build.0 = Release|Any CPU
		{3D7A40A7-F80C-4DEE-84E1-E3E31F9C9385}.Release|x64.ActiveCfg = Release|Any CPU
		{3D7A40A7-F80C-4DEE-84E1-E3E31F9C9385}.Release|x64.Build.0 = Release|Any CPU
		{3D7A40A7-F80C-4DEE-84E1-E3E31F9C9385}.Release|x86.ActiveCfg = Release|Any CPU
		{3D7A40A7-F80C-4DEE-84E1-E3E31F9C9385}.Release|x86.Build.0 = Release|Any CPU
		{CD9727C2-41D9-4073-8DBE-DB1EAD91F382}.Debug|Any CPU.ActiveCfg = Debug|Any CPU
		{CD9727C2-41D9-4073-8DBE-DB1EAD91F382}.Debug|Any CPU.Build.0 = Debug|Any CPU
		{CD9727C2-41D9-4073-8DBE-DB1EAD91F382}.Debug|x64.ActiveCfg = Debug|Any CPU
		{CD9727C2-41D9-4073-8DBE-DB1EAD91F382}.Debug|x64.Build.0 = Debug|Any CPU
		{CD9727C2-41D9-4073-8DBE-DB1EAD91F382}.Debug|x86.ActiveCfg = Debug|Any CPU
		{CD9727C2-41D9-4073-8DBE-DB1EAD91F382}.Debug|x86.Build.0 = Debug|Any CPU
		{CD9727C2-41D9-4073-8DBE-DB1EAD91F382}.Release|Any CPU.ActiveCfg = Release|Any CPU
		{CD9727C2-41D9-4073-8DBE-DB1EAD91F382}.Release|Any CPU.Build.0 = Release|Any CPU
		{CD9727C2-41D9-4073-8DBE-DB1EAD91F382}.Release|x64.ActiveCfg = Release|Any CPU
		{CD9727C2-41D9-4073-8DBE-DB1EAD91F382}.Release|x64.Build.0 = Release|Any CPU
		{CD9727C2-41D9-4073-8DBE-DB1EAD91F382}.Release|x86.ActiveCfg = Release|Any CPU
		{CD9727C2-41D9-4073-8DBE-DB1EAD91F382}.Release|x86.Build.0 = Release|Any CPU
		{CEA1C13E-F0B2-4ED7-BF5C-BEAAFDC40B39}.Debug|Any CPU.ActiveCfg = Debug|Any CPU
		{CEA1C13E-F0B2-4ED7-BF5C-BEAAFDC40B39}.Debug|Any CPU.Build.0 = Debug|Any CPU
		{CEA1C13E-F0B2-4ED7-BF5C-BEAAFDC40B39}.Debug|x64.ActiveCfg = Debug|Any CPU
		{CEA1C13E-F0B2-4ED7-BF5C-BEAAFDC40B39}.Debug|x64.Build.0 = Debug|Any CPU
		{CEA1C13E-F0B2-4ED7-BF5C-BEAAFDC40B39}.Debug|x86.ActiveCfg = Debug|Any CPU
		{CEA1C13E-F0B2-4ED7-BF5C-BEAAFDC40B39}.Debug|x86.Build.0 = Debug|Any CPU
		{CEA1C13E-F0B2-4ED7-BF5C-BEAAFDC40B39}.Release|Any CPU.ActiveCfg = Release|Any CPU
		{CEA1C13E-F0B2-4ED7-BF5C-BEAAFDC40B39}.Release|Any CPU.Build.0 = Release|Any CPU
		{CEA1C13E-F0B2-4ED7-BF5C-BEAAFDC40B39}.Release|x64.ActiveCfg = Release|Any CPU
		{CEA1C13E-F0B2-4ED7-BF5C-BEAAFDC40B39}.Release|x64.Build.0 = Release|Any CPU
		{CEA1C13E-F0B2-4ED7-BF5C-BEAAFDC40B39}.Release|x86.ActiveCfg = Release|Any CPU
		{CEA1C13E-F0B2-4ED7-BF5C-BEAAFDC40B39}.Release|x86.Build.0 = Release|Any CPU
		{8FFE6AF4-5938-42A6-A3D7-214B43F55FA1}.Debug|Any CPU.ActiveCfg = Debug|Any CPU
		{8FFE6AF4-5938-42A6-A3D7-214B43F55FA1}.Debug|Any CPU.Build.0 = Debug|Any CPU
		{8FFE6AF4-5938-42A6-A3D7-214B43F55FA1}.Debug|x64.ActiveCfg = Debug|Any CPU
		{8FFE6AF4-5938-42A6-A3D7-214B43F55FA1}.Debug|x64.Build.0 = Debug|Any CPU
		{8FFE6AF4-5938-42A6-A3D7-214B43F55FA1}.Debug|x86.ActiveCfg = Debug|Any CPU
		{8FFE6AF4-5938-42A6-A3D7-214B43F55FA1}.Debug|x86.Build.0 = Debug|Any CPU
		{8FFE6AF4-5938-42A6-A3D7-214B43F55FA1}.Release|Any CPU.ActiveCfg = Release|Any CPU
		{8FFE6AF4-5938-42A6-A3D7-214B43F55FA1}.Release|Any CPU.Build.0 = Release|Any CPU
		{8FFE6AF4-5938-42A6-A3D7-214B43F55FA1}.Release|x64.ActiveCfg = Release|Any CPU
		{8FFE6AF4-5938-42A6-A3D7-214B43F55FA1}.Release|x64.Build.0 = Release|Any CPU
		{8FFE6AF4-5938-42A6-A3D7-214B43F55FA1}.Release|x86.ActiveCfg = Release|Any CPU
		{8FFE6AF4-5938-42A6-A3D7-214B43F55FA1}.Release|x86.Build.0 = Release|Any CPU
		{E5D816E0-ED2C-41A9-AF56-448F808D415B}.Debug|Any CPU.ActiveCfg = Debug|Any CPU
		{E5D816E0-ED2C-41A9-AF56-448F808D415B}.Debug|Any CPU.Build.0 = Debug|Any CPU
		{E5D816E0-ED2C-41A9-AF56-448F808D415B}.Debug|x64.ActiveCfg = Debug|Any CPU
		{E5D816E0-ED2C-41A9-AF56-448F808D415B}.Debug|x64.Build.0 = Debug|Any CPU
		{E5D816E0-ED2C-41A9-AF56-448F808D415B}.Debug|x86.ActiveCfg = Debug|Any CPU
		{E5D816E0-ED2C-41A9-AF56-448F808D415B}.Debug|x86.Build.0 = Debug|Any CPU
		{E5D816E0-ED2C-41A9-AF56-448F808D415B}.Release|Any CPU.ActiveCfg = Release|Any CPU
		{E5D816E0-ED2C-41A9-AF56-448F808D415B}.Release|Any CPU.Build.0 = Release|Any CPU
		{E5D816E0-ED2C-41A9-AF56-448F808D415B}.Release|x64.ActiveCfg = Release|Any CPU
		{E5D816E0-ED2C-41A9-AF56-448F808D415B}.Release|x64.Build.0 = Release|Any CPU
		{E5D816E0-ED2C-41A9-AF56-448F808D415B}.Release|x86.ActiveCfg = Release|Any CPU
		{E5D816E0-ED2C-41A9-AF56-448F808D415B}.Release|x86.Build.0 = Release|Any CPU
		{46336633-866D-4DEC-A358-F9B1FC28153F}.Debug|Any CPU.ActiveCfg = Debug|Any CPU
		{46336633-866D-4DEC-A358-F9B1FC28153F}.Debug|Any CPU.Build.0 = Debug|Any CPU
		{46336633-866D-4DEC-A358-F9B1FC28153F}.Debug|x64.ActiveCfg = Debug|Any CPU
		{46336633-866D-4DEC-A358-F9B1FC28153F}.Debug|x64.Build.0 = Debug|Any CPU
		{46336633-866D-4DEC-A358-F9B1FC28153F}.Debug|x86.ActiveCfg = Debug|Any CPU
		{46336633-866D-4DEC-A358-F9B1FC28153F}.Debug|x86.Build.0 = Debug|Any CPU
		{46336633-866D-4DEC-A358-F9B1FC28153F}.Release|Any CPU.ActiveCfg = Release|Any CPU
		{46336633-866D-4DEC-A358-F9B1FC28153F}.Release|Any CPU.Build.0 = Release|Any CPU
		{46336633-866D-4DEC-A358-F9B1FC28153F}.Release|x64.ActiveCfg = Release|Any CPU
		{46336633-866D-4DEC-A358-F9B1FC28153F}.Release|x64.Build.0 = Release|Any CPU
		{46336633-866D-4DEC-A358-F9B1FC28153F}.Release|x86.ActiveCfg = Release|Any CPU
		{46336633-866D-4DEC-A358-F9B1FC28153F}.Release|x86.Build.0 = Release|Any CPU
	EndGlobalSection
	GlobalSection(SolutionProperties) = preSolution
		HideSolutionNode = FALSE
	EndGlobalSection
	GlobalSection(NestedProjects) = preSolution
		{3D7A40A7-F80C-4DEE-84E1-E3E31F9C9385} = {827E0CD3-B72D-47B6-A68D-7590B98EB39B}
		{CD9727C2-41D9-4073-8DBE-DB1EAD91F382} = {827E0CD3-B72D-47B6-A68D-7590B98EB39B}
		{CEA1C13E-F0B2-4ED7-BF5C-BEAAFDC40B39} = {827E0CD3-B72D-47B6-A68D-7590B98EB39B}
		{8FFE6AF4-5938-42A6-A3D7-214B43F55FA1} = {827E0CD3-B72D-47B6-A68D-7590B98EB39B}
		{E5D816E0-ED2C-41A9-AF56-448F808D415B} = {0AB3BF05-4346-4AA6-1389-037BE0695223}
		{46336633-866D-4DEC-A358-F9B1FC28153F} = {0AB3BF05-4346-4AA6-1389-037BE0695223}
	EndGlobalSection
EndGlobal
